
Microsoft Visual Studio Solution File, Format Version 12.00
Project("{FAE04EC0-301F-11D3-BF4B-00C04F79EFBC}") = "LoumTechnologiesWebsite", "LoumTechnologiesWebsite\LoumTechnologiesWebsite.csproj", "{8CA7E17F-983F-4FA5-AF9E-D8C44D8D942D}"
EndProject
Global
	GlobalSection(SolutionConfigurationPlatforms) = preSolution
		Debug|Any CPU = Debug|Any CPU
		Release|Any CPU = Release|Any CPU
	EndGlobalSection
	GlobalSection(ProjectConfigurationPlatforms) = postSolution
		{8CA7E17F-983F-4FA5-AF9E-D8C44D8D942D}.Debug|Any CPU.ActiveCfg = Debug|Any CPU
		{8CA7E17F-983F-4FA5-AF9E-D8C44D8D942D}.Debug|Any CPU.Build.0 = Debug|Any CPU
		{8CA7E17F-983F-4FA5-AF9E-D8C44D8D942D}.Release|Any CPU.ActiveCfg = Release|Any CPU
		{8CA7E17F-983F-4FA5-AF9E-D8C44D8D942D}.Release|Any CPU.Build.0 = Release|Any CPU
	EndGlobalSection
EndGlobal
